
Microsoft Visual Studio Solution File, Format Version 12.00
# Visual Studio Version 17
VisualStudioVersion = 17.6.33829.357
MinimumVisualStudioVersion = 10.0.40219.1
Project("{FAE04EC0-301F-11D3-BF4B-00C04F79EFBC}") = "GlobalSolution02", "GlobalSolution02\GlobalSolution02.csproj", "{3A3ACECA-0717-4A52-B663-E6C83B4CC6BF}"
EndProject
Global
	GlobalSection(SolutionConfigurationPlatforms) = preSolution
		Debug|Any CPU = Debug|Any CPU
		Release|Any CPU = Release|Any CPU
	EndGlobalSection
	GlobalSection(ProjectConfigurationPlatforms) = postSolution
		{3A3ACECA-0717-4A52-B663-E6C83B4CC6BF}.Debug|Any CPU.ActiveCfg = Debug|Any CPU
		{3A3ACECA-0717-4A52-B663-E6C83B4CC6BF}.Debug|Any CPU.Build.0 = Debug|Any CPU
		{3A3ACECA-0717-4A52-B663-E6C83B4CC6BF}.Release|Any CPU.ActiveCfg = Release|Any CPU
		{3A3ACECA-0717-4A52-B663-E6C83B4CC6BF}.Release|Any CPU.Build.0 = Release|Any CPU
	EndGlobalSection
	GlobalSection(SolutionProperties) = preSolution
		HideSolutionNode = FALSE
	EndGlobalSection
	GlobalSection(ExtensibilityGlobals) = postSolution
		SolutionGuid = {B206AB7F-AC5F-4B65-82CD-285E17F2413C}
	EndGlobalSection
EndGlobal
